{
  "lockfileVersion": 1,
  "configVersion": 1,
  "workspaces": {
    "": {
      "name": "ormfy",
      "dependencies": {
        "citty": "^0.2.2",
        "jiti": "^2.7.0",
      },
      "devDependencies": {
        "@types/bun": "latest",
        "@types/node": "latest",
        "kysely": "^0.29.2",
        "kysely-neon": "^2",
        "kysely-postgres-js": "^3",
        "kysely-prisma-postgres": "^0.1",
        "typescript": "^5.9.3",
      },
      "peerDependencies": {
        "kysely": "^0.29.2",
        "kysely-neon": "^2",
        "kysely-postgres-js": "^3",
        "kysely-prisma-postgres": "^0.1",
      },
      "optionalPeers": [
        "kysely-neon",
        "kysely-postgres-js",
        "kysely-prisma-postgres",
      ],
    },
  },
  "packages": {
    "@neondatabase/serverless": ["@neondatabase/serverless@1.1.0", "", {}, "sha512-r3ZZhRjEcfEdKIZnoB1RusNgvHuaBRqfCzV4Gi+5A9yUX0S4HTws/ASWqt13wL4y4I+0rqsWGdA2w7EQXHi3+Q=="],

    "@prisma/ppg": ["@prisma/ppg@0.5.2", "", {}, "sha512-WT5Kxj1gRLjcrnhMJfdTMsxs8RBhOHm4ZooCuaK0qhKP1ta1ukV3Ab11jEOSI2XeMWCRN6fvwO8+wqWzGmTXuQ=="],

    "@types/bun": ["@types/bun@1.3.14", "", { "dependencies": { "bun-types": "1.3.14" } }, "sha512-h1hFqFVcvAvD9j9K7ZW7vd82aSA+rTdznZa+5bwvCwqSB1jmmfLcbIWhOLx1/+boy/xmjgCs/OMUL8hRJSmnPw=="],

    "@types/node": ["@types/node@25.9.2", "", { "dependencies": { "undici-types": ">=7.24.0 <7.24.7" } }, "sha512-G05zqtJhcDLb8uslf5EjCxXg9G1KQxiV8OS0R26IC//Eoyitzqe8z37I7cqvnZlrlSfgocQRfSn/AHBZJJFyGw=="],

    "bun-types": ["bun-types@1.3.14", "", { "dependencies": { "@types/node": "*" } }, "sha512-4N0ig0fEomHt5R0KCFWjovxow98rIoRwKolrYdCcknNwMekCXRnWEUvgu5soYV8QXtVsrUD8B95MBOZGPvr6KQ=="],

    "citty": ["citty@0.2.2", "", {}, "sha512-+6vJA3L98yv+IdfKGZHBNiGW5KHn22e/JwID0Strsz8h4S/csAu/OuICwxrg44k5MRiZHWIo8XXuJgQTriRP4w=="],

    "jiti": ["jiti@2.7.0", "", { "bin": { "jiti": "lib/jiti-cli.mjs" } }, "sha512-AC/7JofJvZGrrneWNaEnJeOLUx+JlGt7tNa0wZiRPT4MY1wmfKjt2+6O2p2uz2+skll8OZZmJMNqeke7kKbNgQ=="],

    "kysely": ["kysely@0.29.2", "", {}, "sha512-s6WVJyEZrbm6jhBpiKHsGHyePMrVQKJ85wZCFCr9W4QHv6WTjWIrdvTmO9hDEA3bNK0xkrE2DqrHsXMLWuZpQg=="],

    "kysely-neon": ["kysely-neon@2.0.2", "", { "peerDependencies": { "@neondatabase/serverless": "^1", "kysely": "^0.28" } }, "sha512-LY7tm9wZKsc8ilFe4Yc5Nf/z3R58wFkxbt8xq6f7U27+5VzZr9vy/S8bVPG8RT3yd+0qhQBDRkCl8gJdRuXWzw=="],

    "kysely-postgres-js": ["kysely-postgres-js@3.0.0", "", { "peerDependencies": { "kysely": ">= 0.24.0 < 1", "postgres": "^3.4.0" }, "optionalPeers": ["postgres"] }, "sha512-o2t/xNSYJQDW6rVGGFPXKmZ0BEz2dGn66c2B+cO/k9ZNcU2qPWPycQPQ+B+P2MBXbKYq0xV9BZmFIvkUrmFWAQ=="],

    "kysely-prisma-postgres": ["kysely-prisma-postgres@0.1.0", "", { "peerDependencies": { "@prisma/ppg": "^0.5", "kysely": "^0.28" } }, "sha512-ypStRfEU2NnW5vOc009RpYBAXXmNKP2no8DNmJuBmEzPsCw34CL+BBf8sdlTJyKQ/olb2Qve2uJyXT3fsvyG6Q=="],

    "typescript": ["typescript@5.9.3", "", { "bin": { "tsc": "bin/tsc", "tsserver": "bin/tsserver" } }, "sha512-jl1vZzPDinLr9eUt3J/t7V6FgNEw9QjvBPdysz9KfQDD41fQrC2Y4vKQdiaUpFT4bXlb1RHhLpp8wtm6M5TgSw=="],

    "undici-types": ["undici-types@7.24.6", "", {}, "sha512-WRNW+sJgj5OBN4/0JpHFqtqzhpbnV0GuB+OozA9gCL7a993SmU+1JBZCzLNxYsbMfIeDL+lTsphD5jN5N+n0zg=="],
  }
}
